{
  "version": 4,
  "terraform_version": "0.12.21",
  "serial": 7,
  "lineage": "4283b897-c419-b091-937f-41974f37eeae",
  "outputs": {
    "instanceId": {
      "value": "3982676459384816091",
      "type": "string"
    },
    "instanceIp": {
      "value": "10.160.0.9",
      "type": "string"
    },
    "publicIp": {
      "value": "34.93.181.217",
      "type": "string"
    }
  },
  "resources": [
    {
      "mode": "managed",
      "type": "google_compute_instance",
      "name": "Master",
      "provider": "provider.google",
      "instances": [
        {
          "schema_version": 6,
          "attributes": {
            "allow_stopping_for_update": null,
            "attached_disk": [],
            "boot_disk": [
              {
                "auto_delete": true,
                "device_name": "persistent-disk-0",
                "disk_encryption_key_raw": "",
                "disk_encryption_key_sha256": "",
                "initialize_params": [
                  {
                    "image": "https://www.googleapis.com/compute/v1/projects/centos-cloud/global/images/centos-7-v20191014",
                    "labels": {},
                    "size": 10,
                    "type": "pd-standard"
                  }
                ],
                "kms_key_self_link": "",
                "mode": "READ_WRITE",
                "source": "https://www.googleapis.com/compute/v1/projects/fresh-mason-269307/zones/asia-south1-a/disks/test1"
              }
            ],
            "can_ip_forward": false,
            "cpu_platform": "Intel Skylake",
            "deletion_protection": false,
            "description": "",
            "enable_display": false,
            "guest_accelerator": [],
            "hostname": "",
            "id": "projects/fresh-mason-269307/zones/asia-south1-a/instances/test1",
            "instance_id": "3982676459384816091",
            "label_fingerprint": "42WmSpB8rSM=",
            "labels": null,
            "machine_type": "n1-standard-1",
            "metadata": {
              "name": "master",
              "ssh-keys": "automation:ssh-rsa AAAAB3NzaC1yc2EAAAADAQABAAACAQCxNOIGMk/Z+l11X7+B8llG2dS+V89UqXSg61YuCyjZrX/5qtTPPmFnh5Sk/VO2yW0tgcnS9hVd4USH1jNugkQZ8vEdR1yNjnroOnuAhrr3EFymZuIZ6eFm0gtggJL2sjW+Pi54NPYphJ7F/GH+Al2oa6ECrcEhlfXHgnoGyUjMqioGU5aixxWeVF4kjup5qg+841MOOdEPyX9AZKyiVZWK+0DU5jlGlHQiUI3G3I6KTbyUIPt0mcz+ZaA+j2eRlyV/UsufNb+xHs1FVVk//zpJmW7ymq/xKoNzQ/l1ScoeYuEmEEivIUrYA/G7PAUeL4i/43Q7fnLd7UFH2i/Ohp7tWvZhFxynp4xKvcZZwpepvWUynxd05IB1jJlzCnhFTorerkHTBcA5NiTBymMIQ+8syQqCxxiNPCK2xRDQ0taEwue+4mzscR2hD9e1pFsHN8PbqfwKppml5Ix1Pa76fEOMf0fDV52n90jqBtOjUd8vcZ+o6R5uD7GB0O6NX/LYitS0kaROk+pdOzcNW6e6kyDXYkfysZWFU/AMZhUv4Bz1S4pY09clhyly8NtGSlntBhJecAK1+Jh2qfzwKs5CKnRt4AKBBBal9PVWaudVR22tSFrT17QuVSNUKGQ421EClSNljHnjl9ziCF4ewmgam10lsc9cin55MtxQiPat5/B1bQ== krishna.ammineni@gmail.com\n"
            },
            "metadata_fingerprint": "LoThP6b1utY=",
            "metadata_startup_script": "echo hi \u003e /test.txt",
            "min_cpu_platform": "",
            "name": "test1",
            "network_interface": [
              {
                "access_config": [
                  {
                    "nat_ip": "34.93.181.217",
                    "network_tier": "PREMIUM",
                    "public_ptr_domain_name": ""
                  }
                ],
                "alias_ip_range": [],
                "name": "nic0",
                "network": "https://www.googleapis.com/compute/v1/projects/fresh-mason-269307/global/networks/default",
                "network_ip": "10.160.0.9",
                "subnetwork": "https://www.googleapis.com/compute/v1/projects/fresh-mason-269307/regions/asia-south1/subnetworks/default",
                "subnetwork_project": "fresh-mason-269307"
              }
            ],
            "project": "fresh-mason-269307",
            "scheduling": [
              {
                "automatic_restart": true,
                "node_affinities": [],
                "on_host_maintenance": "MIGRATE",
                "preemptible": false
              }
            ],
            "scratch_disk": [
              {
                "interface": "SCSI"
              }
            ],
            "self_link": "https://www.googleapis.com/compute/v1/projects/fresh-mason-269307/zones/asia-south1-a/instances/test1",
            "service_account": [
              {
                "email": "31126026793-compute@developer.gserviceaccount.com",
                "scopes": [
                  "https://www.googleapis.com/auth/compute.readonly",
                  "https://www.googleapis.com/auth/devstorage.read_only",
                  "https://www.googleapis.com/auth/userinfo.email"
                ]
              }
            ],
            "shielded_instance_config": [],
            "tags": [
              "nginx",
              "webapp"
            ],
            "tags_fingerprint": "khBYtVZ_9pY=",
            "timeouts": null,
            "zone": "asia-south1-a"
          },
          "private": "eyJlMmJmYjczMC1lY2FhLTExZTYtOGY4OC0zNDM2M2JjN2M0YzAiOnsiY3JlYXRlIjoxMjAwMDAwMDAwMDAwLCJkZWxldGUiOjEyMDAwMDAwMDAwMDAsInVwZGF0ZSI6MTIwMDAwMDAwMDAwMH0sInNjaGVtYV92ZXJzaW9uIjoiNiJ9"
        }
      ]
    }
  ]
}
